github.com/aws/aws-sdk-go v1.43.36 h1:8a+pYKNT7wSxUy3fi5dSqKQdfmit7SYGg5fv4zf+WuA=
github.com/aws/aws-sdk-go v1.43.36/go.mod h1:y4AeaBuwd2Lk+GepC1E9v0qOiTws0MIWAX4oIKwKHZo=
github.com/codegangsta/inject v0.0.0-20150114235600-33e0aa1cb7c0 h1:sDMmm+q/3+BukdIpxwO365v/Rbspp2Nt5XntgQRXq8Q=
github.com/codegangsta/inject v0.0.0-20150114235600-33e0aa1cb7c0/go.mod h1:4Zcjuz89kmFXt9morQgcfYZAYZ5n8WHjt81YYWIwtTM=
github.com/davecgh/go-spew v1.1.0/go.mod h1:J7Y8YcW2NihsgmVo/mv3lAwl/skON4iLHjSsI+c5H38=
github.com/davecgh/go-spew v1.1.1 h1:vj9j/u1bqnvCEfJOwUhtlOARqs3+rkHYY13jYWTU97c=
github.com/davecgh/go-spew v1.1.1/go.mod h1:J7Y8YcW2NihsgmVo/mv3lAwl/skON4iLHjSsI+c5H38=
github.com/dgrijalva/jwt-go v3.2.0+incompatible h1:7qlOGliEKZXTDg6OTjfoBKDXWrumCAMpl/TFQ4/5kLM=
github.com/dgrijalva/jwt-go v3.2.0+incompatible/go.mod h1:E3ru+11k8xSBh+hMPgOLZmtrrCbhqsmaPHjLKYnJCaQ=
github.com/divideandconquer/go-consul-client v0.0.0-20210610174817-6146efeb9f54 h1:AFIUGT4xOmFbMN3z1bvp+5OC9MWdjxrUbLiyzj/6Hc8=
github.com/divideandconquer/go-consul-client v0.0.0-20210610174817-6146efeb9f54/go.mod h1:AeqxfZMCYEfyS3cAEvbjBuBK9D5G2jxvFezkxfVKujc=
github.com/divideandconquer/go-merge v0.0.0-20150616173453-dc9048d04b65/go.mod h1:Y+Et20MYTm/6Do72xZ3niVupcTZXTnsj0Y663IpuUkA=
github.com/go-martini/martini v0.0.0-20170121215854-22fa46961aab h1:xveKWz2iaueeTaUgdetzel+U7exyigDYBryyVfV/rZk=
github.com/go-martini/martini v0.0.0-20170121215854-22fa46961aab/go.mod h1:/P9AEU963A2AYjv4d1V5eVL1CQbEJq6aCNHDDjibzu8=
github.com/golang/mock v1.5.0/go.mod h1:CWnOUgYIOo4TcNZ0wHX3YZCqsaM1I1Jvs6v3mP3KVu8=
github.com/google/uuid v1.0.0 h1:b4Gk+7WdP/d3HZH8EJsZpvV7EtDOgaZLtnaNGIu1adA=
github.com/google/uuid v1.0.0/go.mod h1:TIyPZe4MgqvfeYDBFedMoGGpEw/LqOeaOT+nhxU+yHo=
github.com/hashicorp/consul v0.6.1-0.20151204164059-71bffe81d1a2/go.mod h1:mFrjN1mfidgJfYP1xrJCF+AfRhr6Eaqhb2+sfyn/OOI=
github.com/hashicorp/go-cleanhttp v0.0.0-20151022142711-5df5ddc69534/go.mod h1:JpRdi6/HCYpAwUzNwuwqhbovhLtngrth3wmdIIUrZ80=
github.com/hashicorp/serf v0.6.5-0.20151205003656-e9ac4bb0c572/go.mod h1:h/Ru6tmZazX7WO/GDmwdpS975F019L4t5ng5IgwbNrE=
github.com/healthimation/go-glitch v0.0.0-20170714151522-c1136cd4a72e h1:3IQwx75cuKeS+gdHpg9DQv4b2mPnXudm7GimapVDcfw=
github.com/healthimation/go-glitch v0.0.0-20170714151522-c1136cd4a72e/go.mod h1:L0AcpZdlZLboF9cDifCbjs19LyCotXLdKyFMyYjwDsA=
github.com/husobee/vestigo v1.1.1 h1:bsReVP78YhmHUn/nQ4AxIEfObmWMSLGLGXP1OwgFa9s=
github.com/husobee/vestigo v1.1.1/go.mod h1:JigD7C8lzUfpo1uzqYgefpyZLswrtJbAQxMw7ds7YCE=
github.com/jmespath/go-jmespath v0.4.0 h1:BEgLn5cpjn8UN1mAw4NjwDrS35OdebyEtFe+9YPoQUg=
github.com/jmespath/go-jmespath v0.4.0/go.mod h1:T8mJZnbsbmF+m6zOOFylbeCJqk5+pHWvzYPziyZiYoo=
github.com/jmespath/go-jmespath/internal/testify v1.5.1 h1:shLQSRRSCCPj3f2gpwzGwWFoC7ycTf1rcQZHOlsJ6N8=
github.com/jmespath/go-jmespath/internal/testify v1.5.1/go.mod h1:L3OGu8Wl2/fWfCI6z80xFu9LTZmf1ZRjMHUOPmWr69U=
github.com/justinas/alice v1.2.0 h1:+MHSA/vccVCF4Uq37S42jwlkvI2Xzl7zTPCN5BnZNVo=
github.com/justinas/alice v1.2.0/go.mod h1:fN5HRH/reO/zrUflLfTN43t3vXvKzvZIENsNEe7i7qA=
github.com/newrelic/go-agent v3.15.2+incompatible h1:XoMOA80VW/nJCO2FEGZfO8Sq6a7bLCZ0Y4YiPt0q15w=
github.com/newrelic/go-agent v3.15.2+incompatible/go.mod h1:a8Fv1b/fYhFSReoTU6HDkTYIMZeSVNffmoS726Y0LzQ=
github.com/pborman/uuid v1.2.1 h1:+ZZIw58t/ozdjRaXh/3awHfmWRbzYxJoAdNJxe/3pvw=
github.com/pborman/uuid v1.2.1/go.mod h1:X/NO0urCmaxf9VXbdlT7C2Yzkj2IKimNn4k+gtPdI/k=
github.com/pkg/errors v0.9.1/go.mod h1:bwawxfHBFNV+L2hUp1rHADufV3IMtnDRdf1r5NINEl0=
github.com/pmezard/go-difflib v1.0.0 h1:4DBwDE0NGyQoBHbLQYPwSUPoCMWR5BEzIk/f1lZbAQM=
github.com/pmezard/go-difflib v1.0.0/go.mod h1:iKH77koFhYxTK1pcRnkKkqfTogsbg7gZNVY4sRDYZ/4=
github.com/sirupsen/logrus v1.8.1 h1:dJKuHgqk1NNQlqoA6BTlM1Wf9DOH3NBjQyu0h9+AZZE=
github.com/sirupsen/logrus v1.8.1/go.mod h1:yWOB1SBYBC5VeMP7gHvWumXLIWorT60ONWic61uBYv0=
github.com/stretchr/objx v0.1.0/go.mod h1:HFkY916IF+rwdDfMAkV7OtwuqBVzrE8GR6GFx+wExME=
github.com/stretchr/testify v1.2.2 h1:bSDNvY7ZPG5RlJ8otE/7V6gMiyenm9RtJ7IUVIAoJ1w=
github.com/stretchr/testify v1.2.2/go.mod h1:a8OnRcib4nhh0OaRAV+Yts87kKdq0PP7pXfy6kDkUVs=
golang.org/x/crypto v0.0.0-20190308221718-c2843e01d9a2/go.mod h1:djNgcEr1/C05ACkg1iLfiJU5Ep61QUkGW8qpdssI0+w=
golang.org/x/crypto v0.0.0-20191011191535-87dc89f01550/go.mod h1:yigFU9vqHzYiE8UmvKecakEJjdnWj3jj499lnFckfCI=
golang.org/x/mod v0.3.0/go.mod h1:s0Qsj1ACt9ePp/hMypM3fl4fZqREWJwdYDEqhRiZZUA=
golang.org/x/net v0.0.0-20190404232315-eb5bcb51f2a3/go.mod h1:t9HGtf8HONx5eT2rtn7q6eTqICYqUVnKs3thJo3Qplg=
golang.org/x/net v0.0.0-20190620200207-3b0461eec859/go.mod h1:z5CRVTTTmAJ677TzLLGU+0bjPO0LkuOLi4/5GtJWs/s=
golang.org/x/net v0.0.0-20220127200216-cd36cc0744dd/go.mod h1:CfG3xpIq0wQ8r1q4Su4UZFWDARRcnwPjda9FqA0JpMk=
golang.org/x/sync v0.0.0-20190423024810-112230192c58/go.mod h1:RxMgew5VJxzue5/jJTE5uejpjVlOe/izrB70Jof72aM=
golang.org/x/sys v0.0.0-20190215142949-d0b11bdaac8a/go.mod h1:STP8DvDyc/dI5b8T5hshtkjS+E42TnysNCUPdjciGhY=
golang.org/x/sys v0.0.0-20190412213103-97732733099d/go.mod h1:h1NjWce9XRLGQEsW7wpKNCjG9DtNlClVuFLEZdDNbEs=
golang.org/x/sys v0.0.0-20191026070338-33540a1f6037/go.mod h1:h1NjWce9XRLGQEsW7wpKNCjG9DtNlClVuFLEZdDNbEs=
golang.org/x/sys v0.0.0-20210615035016-665e8c7367d1/go.mod h1:oPkhp1MJrh7nUepCBck5+mAzfO9JrbApNNgaTdGDITg=
golang.org/x/sys v0.0.0-20211216021012-1d35b9e2eb4e h1:fLOSk5Q00efkSvAm+4xcoXD+RRmLmmulPn5I3Y9F2EM=
golang.org/x/sys v0.0.0-20211216021012-1d35b9e2eb4e/go.mod h1:oPkhp1MJrh7nUepCBck5+mAzfO9JrbApNNgaTdGDITg=
golang.org/x/term v0.0.0-20210927222741-03fcf44c2211/go.mod h1:jbD1KX2456YbFQfuXm/mYQcufACuNUgVhRMnK/tPxf8=
golang.org/x/text v0.3.0/go.mod h1:NqM8EUOU14njkJ3fqMW+pc6Ldnwhi/IjpwHt7yyuwOQ=
golang.org/x/text v0.3.7/go.mod h1:u+2+/6zg+i71rQMx5EYifcz6MCKuco9NR6JIITiCfzQ=
golang.org/x/tools v0.0.0-20180917221912-90fa682c2a6e/go.mod h1:n7NCudcB/nEzxVGmLbDWY5pfWTLqBcC2KZ6jyYvM4mQ=
golang.org/x/tools v0.0.0-20191119224855-298f0cb1881e/go.mod h1:b+2E5dAYhXwXZwtnZ6UAqBI28+e2cm9otk0dWdXHAEo=
golang.org/x/xerrors v0.0.0-20190717185122-a985d3407aa7/go.mod h1:I/5z698sn9Ka8TeJc9MKroUUfqBBauWjQqLJ2OPfmY0=
golang.org/x/xerrors v0.0.0-20191011141410-1b5146add898/go.mod h1:I/5z698sn9Ka8TeJc9MKroUUfqBBauWjQqLJ2OPfmY0=
gopkg.in/check.v1 v0.0.0-20161208181325-20d25e280405/go.mod h1:Co6ibVJAznAaIkqp8huTwlJQCZ016jof/cbN4VW5Yz0=
gopkg.in/yaml.v2 v2.2.8 h1:obN1ZagJSUGI0Ek/LBmuj4SNLPfIny3KsKFopxRdj10=
gopkg.in/yaml.v2 v2.2.8/go.mod h1:hI93XBmqTisBFMUTm0b8Fm+jr3Dg1NNxqwp+5A1VGuI=
